
Microsoft Visual Studio Solution File, Format Version 12.00
# Visual Studio 15
VisualStudioVersion = 15.0.27130.2027
MinimumVisualStudioVersion = 10.0.40219.1
Project("{FAE04EC0-301F-11D3-BF4B-00C04F79EFBC}") = "Repeticao5", "Repeticao5\Repeticao5.csproj", "{61682934-2AFE-40AB-863B-0C93C99FAA0B}"
EndProject
Global
	GlobalSection(SolutionConfigurationPlatforms) = preSolution
		Debug|Any CPU = Debug|Any CPU
		Release|Any CPU = Release|Any CPU
	EndGlobalSection
	GlobalSection(ProjectConfigurationPlatforms) = postSolution
		{61682934-2AFE-40AB-863B-0C93C99FAA0B}.Debug|Any CPU.ActiveCfg = Debug|Any CPU
		{61682934-2AFE-40AB-863B-0C93C99FAA0B}.Debug|Any CPU.Build.0 = Debug|Any CPU
		{61682934-2AFE-40AB-863B-0C93C99FAA0B}.Release|Any CPU.ActiveCfg = Release|Any CPU
		{61682934-2AFE-40AB-863B-0C93C99FAA0B}.Release|Any CPU.Build.0 = Release|Any CPU
	EndGlobalSection
	GlobalSection(SolutionProperties) = preSolution
		HideSolutionNode = FALSE
	EndGlobalSection
	GlobalSection(ExtensibilityGlobals) = postSolution
		SolutionGuid = {DE92ABB6-818E-4B0E-80D8-1F44BEA4C971}
	EndGlobalSection
EndGlobal
