
Microsoft Visual Studio Solution File, Format Version 12.00
# Visual Studio 15
VisualStudioVersion = 15.0.27130.2027
MinimumVisualStudioVersion = 10.0.40219.1
Project("{E24C65DC-7377-472B-9ABA-BC803B73C61A}") = "Servico", "Servico\", "{215ABD17-2006-4525-86B3-BF2A4390FE4B}"
	ProjectSection(WebsiteProperties) = preProject
		TargetFrameworkMoniker = ".NETFramework,Version%3Dv4.5"
		Debug.AspNetCompiler.VirtualPath = "/localhost_53517"
		Debug.AspNetCompiler.PhysicalPath = "Servico\"
		Debug.AspNetCompiler.TargetPath = "PrecompiledWeb\localhost_53517\"
		Debug.AspNetCompiler.Updateable = "true"
		Debug.AspNetCompiler.ForceOverwrite = "true"
		Debug.AspNetCompiler.FixedNames = "false"
		Debug.AspNetCompiler.Debug = "True"
		Release.AspNetCompiler.VirtualPath = "/localhost_53517"
		Release.AspNetCompiler.PhysicalPath = "Servico\"
		Release.AspNetCompiler.TargetPath = "PrecompiledWeb\localhost_53517\"
		Release.AspNetCompiler.Updateable = "true"
		Release.AspNetCompiler.ForceOverwrite = "true"
		Release.AspNetCompiler.FixedNames = "false"
		Release.AspNetCompiler.Debug = "False"
		VWDPort = "53517"
		SlnRelativePath = "Servico\"
		DefaultWebSiteLanguage = "Visual C#"
	EndProjectSection
EndProject
Global
	GlobalSection(SolutionConfigurationPlatforms) = preSolution
		Debug|Any CPU = Debug|Any CPU
	EndGlobalSection
	GlobalSection(ProjectConfigurationPlatforms) = postSolution
		{215ABD17-2006-4525-86B3-BF2A4390FE4B}.Debug|Any CPU.ActiveCfg = Debug|Any CPU
		{215ABD17-2006-4525-86B3-BF2A4390FE4B}.Debug|Any CPU.Build.0 = Debug|Any CPU
	EndGlobalSection
	GlobalSection(SolutionProperties) = preSolution
		HideSolutionNode = FALSE
	EndGlobalSection
	GlobalSection(ExtensibilityGlobals) = postSolution
		SolutionGuid = {5176156C-48DA-406D-9A2F-2FD9B60C9FB5}
	EndGlobalSection
EndGlobal
