
Microsoft Visual Studio Solution File, Format Version 12.00
# Visual Studio 15
VisualStudioVersion = 15.0.27130.2027
MinimumVisualStudioVersion = 10.0.40219.1
Project("{FAE04EC0-301F-11D3-BF4B-00C04F79EFBC}") = "PaginacaoAspNetMvc", "PaginacaoAspNetMvc\PaginacaoAspNetMvc.csproj", "{32B93D42-4B4F-49FC-838E-5B45371BE9AF}"
EndProject
Global
	GlobalSection(SolutionConfigurationPlatforms) = preSolution
		Debug|Any CPU = Debug|Any CPU
		Release|Any CPU = Release|Any CPU
	EndGlobalSection
	GlobalSection(ProjectConfigurationPlatforms) = postSolution
		{32B93D42-4B4F-49FC-838E-5B45371BE9AF}.Debug|Any CPU.ActiveCfg = Debug|Any CPU
		{32B93D42-4B4F-49FC-838E-5B45371BE9AF}.Debug|Any CPU.Build.0 = Debug|Any CPU
		{32B93D42-4B4F-49FC-838E-5B45371BE9AF}.Release|Any CPU.ActiveCfg = Release|Any CPU
		{32B93D42-4B4F-49FC-838E-5B45371BE9AF}.Release|Any CPU.Build.0 = Release|Any CPU
	EndGlobalSection
	GlobalSection(SolutionProperties) = preSolution
		HideSolutionNode = FALSE
	EndGlobalSection
	GlobalSection(ExtensibilityGlobals) = postSolution
		SolutionGuid = {8242429E-E375-4BA8-B4C9-8C7D36EAD257}
	EndGlobalSection
EndGlobal
