
Microsoft Visual Studio Solution File, Format Version 12.00
# Visual Studio 15
VisualStudioVersion = 15.0.27130.2027
MinimumVisualStudioVersion = 10.0.40219.1
Project("{FAE04EC0-301F-11D3-BF4B-00C04F79EFBC}") = "DevZip", "DevZip\DevZip.csproj", "{DCDEF708-5D33-40FF-9C34-E4A957BD6EBA}"
EndProject
Global
	GlobalSection(SolutionConfigurationPlatforms) = preSolution
		Debug|Any CPU = Debug|Any CPU
		Release|Any CPU = Release|Any CPU
	EndGlobalSection
	GlobalSection(ProjectConfigurationPlatforms) = postSolution
		{DCDEF708-5D33-40FF-9C34-E4A957BD6EBA}.Debug|Any CPU.ActiveCfg = Debug|Any CPU
		{DCDEF708-5D33-40FF-9C34-E4A957BD6EBA}.Debug|Any CPU.Build.0 = Debug|Any CPU
		{DCDEF708-5D33-40FF-9C34-E4A957BD6EBA}.Release|Any CPU.ActiveCfg = Release|Any CPU
		{DCDEF708-5D33-40FF-9C34-E4A957BD6EBA}.Release|Any CPU.Build.0 = Release|Any CPU
	EndGlobalSection
	GlobalSection(SolutionProperties) = preSolution
		HideSolutionNode = FALSE
	EndGlobalSection
	GlobalSection(ExtensibilityGlobals) = postSolution
		SolutionGuid = {9BD2A346-7B68-4C11-8EC5-822C4A92DB14}
	EndGlobalSection
EndGlobal
