
Microsoft Visual Studio Solution File, Format Version 12.00
# Visual Studio 15
VisualStudioVersion = 15.0.27130.2027
MinimumVisualStudioVersion = 10.0.40219.1
Project("{FAE04EC0-301F-11D3-BF4B-00C04F79EFBC}") = "ClassesParciais", "ClassesParciais\ClassesParciais.csproj", "{19DB3D79-BE6A-4B76-9864-DDD2730D591A}"
EndProject
Global
	GlobalSection(SolutionConfigurationPlatforms) = preSolution
		Debug|Any CPU = Debug|Any CPU
		Release|Any CPU = Release|Any CPU
	EndGlobalSection
	GlobalSection(ProjectConfigurationPlatforms) = postSolution
		{19DB3D79-BE6A-4B76-9864-DDD2730D591A}.Debug|Any CPU.ActiveCfg = Debug|Any CPU
		{19DB3D79-BE6A-4B76-9864-DDD2730D591A}.Debug|Any CPU.Build.0 = Debug|Any CPU
		{19DB3D79-BE6A-4B76-9864-DDD2730D591A}.Release|Any CPU.ActiveCfg = Release|Any CPU
		{19DB3D79-BE6A-4B76-9864-DDD2730D591A}.Release|Any CPU.Build.0 = Release|Any CPU
	EndGlobalSection
	GlobalSection(SolutionProperties) = preSolution
		HideSolutionNode = FALSE
	EndGlobalSection
	GlobalSection(ExtensibilityGlobals) = postSolution
		SolutionGuid = {0DD71550-AD9C-4251-A90F-3E1D97D72C1C}
	EndGlobalSection
EndGlobal
