
Microsoft Visual Studio Solution File, Format Version 12.00
# Visual Studio 15
VisualStudioVersion = 15.0.27130.2027
MinimumVisualStudioVersion = 10.0.40219.1
Project("{FAE04EC0-301F-11D3-BF4B-00C04F79EFBC}") = "ExemploIO", "ExemploIO\ExemploIO.csproj", "{45CB63AD-32B2-4B31-ADEA-DEA0FA106A29}"
EndProject
Global
	GlobalSection(SolutionConfigurationPlatforms) = preSolution
		Debug|Any CPU = Debug|Any CPU
		Release|Any CPU = Release|Any CPU
	EndGlobalSection
	GlobalSection(ProjectConfigurationPlatforms) = postSolution
		{45CB63AD-32B2-4B31-ADEA-DEA0FA106A29}.Debug|Any CPU.ActiveCfg = Debug|Any CPU
		{45CB63AD-32B2-4B31-ADEA-DEA0FA106A29}.Debug|Any CPU.Build.0 = Debug|Any CPU
		{45CB63AD-32B2-4B31-ADEA-DEA0FA106A29}.Release|Any CPU.ActiveCfg = Release|Any CPU
		{45CB63AD-32B2-4B31-ADEA-DEA0FA106A29}.Release|Any CPU.Build.0 = Release|Any CPU
	EndGlobalSection
	GlobalSection(SolutionProperties) = preSolution
		HideSolutionNode = FALSE
	EndGlobalSection
	GlobalSection(ExtensibilityGlobals) = postSolution
		SolutionGuid = {A7E13060-5272-4D84-A599-49A37D0AB7F6}
	EndGlobalSection
EndGlobal
