
Microsoft Visual Studio Solution File, Format Version 12.00
# Visual Studio 15
VisualStudioVersion = 15.0.27130.2027
MinimumVisualStudioVersion = 10.0.40219.1
Project("{FAE04EC0-301F-11D3-BF4B-00C04F79EFBC}") = "Domain", "Domain\Domain.csproj", "{B63E1E7A-82E3-421B-8031-7F0B1EA7CEAC}"
EndProject
Project("{FAE04EC0-301F-11D3-BF4B-00C04F79EFBC}") = "Data", "Data\Data.csproj", "{1A679F43-C61B-4184-87B0-F23CF7A1BECA}"
EndProject
Project("{FAE04EC0-301F-11D3-BF4B-00C04F79EFBC}") = "Application", "Application\Application.csproj", "{966B67CC-4D18-4754-8AC5-C13D29C14301}"
EndProject
Project("{FAE04EC0-301F-11D3-BF4B-00C04F79EFBC}") = "WinForms", "WinForms\WinForms.csproj", "{2DD0B592-C491-4FED-9862-A216A2553210}"
EndProject
Global
	GlobalSection(SolutionConfigurationPlatforms) = preSolution
		Debug|Any CPU = Debug|Any CPU
		Release|Any CPU = Release|Any CPU
	EndGlobalSection
	GlobalSection(ProjectConfigurationPlatforms) = postSolution
		{B63E1E7A-82E3-421B-8031-7F0B1EA7CEAC}.Debug|Any CPU.ActiveCfg = Debug|Any CPU
		{B63E1E7A-82E3-421B-8031-7F0B1EA7CEAC}.Debug|Any CPU.Build.0 = Debug|Any CPU
		{B63E1E7A-82E3-421B-8031-7F0B1EA7CEAC}.Release|Any CPU.ActiveCfg = Release|Any CPU
		{B63E1E7A-82E3-421B-8031-7F0B1EA7CEAC}.Release|Any CPU.Build.0 = Release|Any CPU
		{1A679F43-C61B-4184-87B0-F23CF7A1BECA}.Debug|Any CPU.ActiveCfg = Debug|Any CPU
		{1A679F43-C61B-4184-87B0-F23CF7A1BECA}.Debug|Any CPU.Build.0 = Debug|Any CPU
		{1A679F43-C61B-4184-87B0-F23CF7A1BECA}.Release|Any CPU.ActiveCfg = Release|Any CPU
		{1A679F43-C61B-4184-87B0-F23CF7A1BECA}.Release|Any CPU.Build.0 = Release|Any CPU
		{966B67CC-4D18-4754-8AC5-C13D29C14301}.Debug|Any CPU.ActiveCfg = Debug|Any CPU
		{966B67CC-4D18-4754-8AC5-C13D29C14301}.Debug|Any CPU.Build.0 = Debug|Any CPU
		{966B67CC-4D18-4754-8AC5-C13D29C14301}.Release|Any CPU.ActiveCfg = Release|Any CPU
		{966B67CC-4D18-4754-8AC5-C13D29C14301}.Release|Any CPU.Build.0 = Release|Any CPU
		{2DD0B592-C491-4FED-9862-A216A2553210}.Debug|Any CPU.ActiveCfg = Debug|Any CPU
		{2DD0B592-C491-4FED-9862-A216A2553210}.Debug|Any CPU.Build.0 = Debug|Any CPU
		{2DD0B592-C491-4FED-9862-A216A2553210}.Release|Any CPU.ActiveCfg = Release|Any CPU
		{2DD0B592-C491-4FED-9862-A216A2553210}.Release|Any CPU.Build.0 = Release|Any CPU
	EndGlobalSection
	GlobalSection(SolutionProperties) = preSolution
		HideSolutionNode = FALSE
	EndGlobalSection
	GlobalSection(ExtensibilityGlobals) = postSolution
		SolutionGuid = {C44202E5-19AF-4B26-BFF4-C927AE535DF9}
	EndGlobalSection
EndGlobal
