
Microsoft Visual Studio Solution File, Format Version 12.00
# Visual Studio 15
VisualStudioVersion = 15.0.27130.2027
MinimumVisualStudioVersion = 10.0.40219.1
Project("{FAE04EC0-301F-11D3-BF4B-00C04F79EFBC}") = "Aplicacao6", "Aplicacao6\Aplicacao6.csproj", "{BE4A9C85-DA92-4CA9-B461-1483867FFD0A}"
EndProject
Global
	GlobalSection(SolutionConfigurationPlatforms) = preSolution
		Debug|Any CPU = Debug|Any CPU
		Release|Any CPU = Release|Any CPU
	EndGlobalSection
	GlobalSection(ProjectConfigurationPlatforms) = postSolution
		{BE4A9C85-DA92-4CA9-B461-1483867FFD0A}.Debug|Any CPU.ActiveCfg = Debug|Any CPU
		{BE4A9C85-DA92-4CA9-B461-1483867FFD0A}.Debug|Any CPU.Build.0 = Debug|Any CPU
		{BE4A9C85-DA92-4CA9-B461-1483867FFD0A}.Release|Any CPU.ActiveCfg = Release|Any CPU
		{BE4A9C85-DA92-4CA9-B461-1483867FFD0A}.Release|Any CPU.Build.0 = Release|Any CPU
	EndGlobalSection
	GlobalSection(SolutionProperties) = preSolution
		HideSolutionNode = FALSE
	EndGlobalSection
	GlobalSection(ExtensibilityGlobals) = postSolution
		SolutionGuid = {7B4AA579-164E-4414-9418-F1C00ACEFC7B}
	EndGlobalSection
EndGlobal
