
Microsoft Visual Studio Solution File, Format Version 12.00
# Visual Studio 15
VisualStudioVersion = 15.0.27130.2027
MinimumVisualStudioVersion = 10.0.40219.1
Project("{FAE04EC0-301F-11D3-BF4B-00C04F79EFBC}") = "EntityFramework", "EntityFramework\EntityFramework.csproj", "{93D9CC1B-57F9-45DE-96C0-1BA31829D326}"
EndProject
Global
	GlobalSection(SolutionConfigurationPlatforms) = preSolution
		Debug|Any CPU = Debug|Any CPU
		Release|Any CPU = Release|Any CPU
	EndGlobalSection
	GlobalSection(ProjectConfigurationPlatforms) = postSolution
		{93D9CC1B-57F9-45DE-96C0-1BA31829D326}.Debug|Any CPU.ActiveCfg = Debug|Any CPU
		{93D9CC1B-57F9-45DE-96C0-1BA31829D326}.Debug|Any CPU.Build.0 = Debug|Any CPU
		{93D9CC1B-57F9-45DE-96C0-1BA31829D326}.Release|Any CPU.ActiveCfg = Release|Any CPU
		{93D9CC1B-57F9-45DE-96C0-1BA31829D326}.Release|Any CPU.Build.0 = Release|Any CPU
	EndGlobalSection
	GlobalSection(SolutionProperties) = preSolution
		HideSolutionNode = FALSE
	EndGlobalSection
	GlobalSection(ExtensibilityGlobals) = postSolution
		SolutionGuid = {8FB9F472-EED3-46E9-8676-71265C3EF80D}
	EndGlobalSection
EndGlobal
