
Microsoft Visual Studio Solution File, Format Version 12.00
# Visual Studio 15
VisualStudioVersion = 15.0.27130.2027
MinimumVisualStudioVersion = 10.0.40219.1
Project("{FAE04EC0-301F-11D3-BF4B-00C04F79EFBC}") = "ExcecoesThrow", "ExcecoesThrow\ExcecoesThrow.csproj", "{8A777A5A-8DCF-4EA2-A6B6-3E9DA50A5CFF}"
EndProject
Global
	GlobalSection(SolutionConfigurationPlatforms) = preSolution
		Debug|Any CPU = Debug|Any CPU
		Release|Any CPU = Release|Any CPU
	EndGlobalSection
	GlobalSection(ProjectConfigurationPlatforms) = postSolution
		{8A777A5A-8DCF-4EA2-A6B6-3E9DA50A5CFF}.Debug|Any CPU.ActiveCfg = Debug|Any CPU
		{8A777A5A-8DCF-4EA2-A6B6-3E9DA50A5CFF}.Debug|Any CPU.Build.0 = Debug|Any CPU
		{8A777A5A-8DCF-4EA2-A6B6-3E9DA50A5CFF}.Release|Any CPU.ActiveCfg = Release|Any CPU
		{8A777A5A-8DCF-4EA2-A6B6-3E9DA50A5CFF}.Release|Any CPU.Build.0 = Release|Any CPU
	EndGlobalSection
	GlobalSection(SolutionProperties) = preSolution
		HideSolutionNode = FALSE
	EndGlobalSection
	GlobalSection(ExtensibilityGlobals) = postSolution
		SolutionGuid = {EA2A881C-4BFA-4357-BE72-89455D9143D2}
	EndGlobalSection
EndGlobal
