
Microsoft Visual Studio Solution File, Format Version 12.00
# Visual Studio 15
VisualStudioVersion = 15.0.27130.2027
MinimumVisualStudioVersion = 10.0.40219.1
Project("{FAE04EC0-301F-11D3-BF4B-00C04F79EFBC}") = "Client", "Client\Client.csproj", "{50986C54-60B9-47D6-8ED9-A77F66CD8C15}"
EndProject
Global
	GlobalSection(SolutionConfigurationPlatforms) = preSolution
		Debug|Any CPU = Debug|Any CPU
		Release|Any CPU = Release|Any CPU
	EndGlobalSection
	GlobalSection(ProjectConfigurationPlatforms) = postSolution
		{50986C54-60B9-47D6-8ED9-A77F66CD8C15}.Debug|Any CPU.ActiveCfg = Debug|Any CPU
		{50986C54-60B9-47D6-8ED9-A77F66CD8C15}.Debug|Any CPU.Build.0 = Debug|Any CPU
		{50986C54-60B9-47D6-8ED9-A77F66CD8C15}.Release|Any CPU.ActiveCfg = Release|Any CPU
		{50986C54-60B9-47D6-8ED9-A77F66CD8C15}.Release|Any CPU.Build.0 = Release|Any CPU
	EndGlobalSection
	GlobalSection(SolutionProperties) = preSolution
		HideSolutionNode = FALSE
	EndGlobalSection
	GlobalSection(ExtensibilityGlobals) = postSolution
		SolutionGuid = {11F9B75B-BF38-4434-847F-8E4627A4EB61}
	EndGlobalSection
EndGlobal
