
Microsoft Visual Studio Solution File, Format Version 12.00
# Visual Studio 15
VisualStudioVersion = 15.0.27130.2027
MinimumVisualStudioVersion = 10.0.40219.1
Project("{FAE04EC0-301F-11D3-BF4B-00C04F79EFBC}") = "FileInformations", "FileInformations\FileInformations.csproj", "{7EF1302A-3CDF-4347-BA95-FB8C0DD8162C}"
EndProject
Global
	GlobalSection(SolutionConfigurationPlatforms) = preSolution
		Debug|Any CPU = Debug|Any CPU
		Release|Any CPU = Release|Any CPU
	EndGlobalSection
	GlobalSection(ProjectConfigurationPlatforms) = postSolution
		{7EF1302A-3CDF-4347-BA95-FB8C0DD8162C}.Debug|Any CPU.ActiveCfg = Debug|Any CPU
		{7EF1302A-3CDF-4347-BA95-FB8C0DD8162C}.Debug|Any CPU.Build.0 = Debug|Any CPU
		{7EF1302A-3CDF-4347-BA95-FB8C0DD8162C}.Release|Any CPU.ActiveCfg = Release|Any CPU
		{7EF1302A-3CDF-4347-BA95-FB8C0DD8162C}.Release|Any CPU.Build.0 = Release|Any CPU
	EndGlobalSection
	GlobalSection(SolutionProperties) = preSolution
		HideSolutionNode = FALSE
	EndGlobalSection
	GlobalSection(ExtensibilityGlobals) = postSolution
		SolutionGuid = {E8729FB3-A1DB-4695-B9A6-10513CAE04A9}
	EndGlobalSection
EndGlobal
