
Microsoft Visual Studio Solution File, Format Version 12.00
# Visual Studio 15
VisualStudioVersion = 15.0.27130.2027
MinimumVisualStudioVersion = 10.0.40219.1
Project("{FAE04EC0-301F-11D3-BF4B-00C04F79EFBC}") = "CadastroClientes", "CadastroClientes\CadastroClientes.csproj", "{1BCDF748-5170-465C-9517-471DD2A290F9}"
EndProject
Global
	GlobalSection(SolutionConfigurationPlatforms) = preSolution
		Debug|Any CPU = Debug|Any CPU
		Release|Any CPU = Release|Any CPU
	EndGlobalSection
	GlobalSection(ProjectConfigurationPlatforms) = postSolution
		{1BCDF748-5170-465C-9517-471DD2A290F9}.Debug|Any CPU.ActiveCfg = Debug|Any CPU
		{1BCDF748-5170-465C-9517-471DD2A290F9}.Debug|Any CPU.Build.0 = Debug|Any CPU
		{1BCDF748-5170-465C-9517-471DD2A290F9}.Release|Any CPU.ActiveCfg = Release|Any CPU
		{1BCDF748-5170-465C-9517-471DD2A290F9}.Release|Any CPU.Build.0 = Release|Any CPU
	EndGlobalSection
	GlobalSection(SolutionProperties) = preSolution
		HideSolutionNode = FALSE
	EndGlobalSection
	GlobalSection(ExtensibilityGlobals) = postSolution
		SolutionGuid = {53DC20B3-6D7C-49C3-BC02-6D42166521EC}
	EndGlobalSection
EndGlobal
