
Microsoft Visual Studio Solution File, Format Version 12.00
# Visual Studio 15
VisualStudioVersion = 15.0.27130.2027
MinimumVisualStudioVersion = 10.0.40219.1
Project("{FAE04EC0-301F-11D3-BF4B-00C04F79EFBC}") = "Prj.CadastroSocial.Devmidia", "Prj.CadastroSocial.Devmidia\Prj.CadastroSocial.Devmidia.csproj", "{B58C4361-166A-4B1E-8584-92421085C8A2}"
EndProject
Global
	GlobalSection(SolutionConfigurationPlatforms) = preSolution
		Debug|Any CPU = Debug|Any CPU
		Release|Any CPU = Release|Any CPU
	EndGlobalSection
	GlobalSection(ProjectConfigurationPlatforms) = postSolution
		{B58C4361-166A-4B1E-8584-92421085C8A2}.Debug|Any CPU.ActiveCfg = Debug|Any CPU
		{B58C4361-166A-4B1E-8584-92421085C8A2}.Debug|Any CPU.Build.0 = Debug|Any CPU
		{B58C4361-166A-4B1E-8584-92421085C8A2}.Release|Any CPU.ActiveCfg = Release|Any CPU
		{B58C4361-166A-4B1E-8584-92421085C8A2}.Release|Any CPU.Build.0 = Release|Any CPU
	EndGlobalSection
	GlobalSection(SolutionProperties) = preSolution
		HideSolutionNode = FALSE
	EndGlobalSection
	GlobalSection(ExtensibilityGlobals) = postSolution
		SolutionGuid = {4E791B04-5AC9-4B99-8CDC-C9CBB863D55D}
	EndGlobalSection
EndGlobal
